
Microsoft Visual Studio Solution File, Format Version 12.00
# Visual Studio Version 17
VisualStudioVersion = 17.1.32328.378
MinimumVisualStudioVersion = 10.0.40219.1
Project("{8BC9CEB8-8B4A-11D0-8D11-00A0C91BC942}") = "数据结构", "数据结构\数据结构.vcxproj", "{5B0964AF-AF7E-480E-9A03-F938A7D44359}"
EndProject
Project("{8BC9CEB8-8B4A-11D0-8D11-00A0C91BC942}") = "单向链表", "单向链表\单向链表.vcxproj", "{784403A0-66C9-41A7-84DF-6117FD90B6BA}"
EndProject
Project("{8BC9CEB8-8B4A-11D0-8D11-00A0C91BC942}") = "企业链表", "企业链表\企业链表.vcxproj", "{512F1DE0-E4C1-4650-8C17-59D147F55B7B}"
EndProject
Project("{8BC9CEB8-8B4A-11D0-8D11-00A0C91BC942}") = "循环链表", "循环链表\循环链表.vcxproj", "{3ADB79B2-80E1-4DA5-8D63-C0A603A29041}"
EndProject
Project("{8BC9CEB8-8B4A-11D0-8D11-00A0C91BC942}") = "双向链表", "双向链表\双向链表.vcxproj", "{FEEFB1EF-6E43-4B9C-8913-89C382C18D8A}"
EndProject
Project("{8BC9CEB8-8B4A-11D0-8D11-00A0C91BC942}") = "约瑟夫问题", "约瑟夫问题\约瑟夫问题.vcxproj", "{AE136669-1765-47EC-88E5-2E48F2E557AB}"
EndProject
Project("{8BC9CEB8-8B4A-11D0-8D11-00A0C91BC942}") = "栈的顺序存储", "栈的顺序存储\栈的顺序存储.vcxproj", "{288FEF21-7D36-4DA1-B32F-B0C972B50C1C}"
EndProject
Project("{8BC9CEB8-8B4A-11D0-8D11-00A0C91BC942}") = "栈的链式存储", "栈的链式存储\栈的链式存储.vcxproj", "{E410FACC-4367-4072-934C-3B92BB1BCAB2}"
EndProject
Project("{8BC9CEB8-8B4A-11D0-8D11-00A0C91BC942}") = "队列顺序存储", "队列顺序存储\队列顺序存储.vcxproj", "{81984800-8393-40BB-9116-21B6E1F8B32D}"
EndProject
Project("{8BC9CEB8-8B4A-11D0-8D11-00A0C91BC942}") = "队列的链式存储", "队列的链式存储\队列的链式存储.vcxproj", "{3AA7E8EF-F815-441C-BC80-F4B94DC7AFC0}"
EndProject
Project("{8BC9CEB8-8B4A-11D0-8D11-00A0C91BC942}") = "栈的应用(就近匹配)", "栈的应用\栈的应用.vcxproj", "{BC2123B9-2D4E-4543-956A-46BBD8E6CB02}"
EndProject
Project("{8BC9CEB8-8B4A-11D0-8D11-00A0C91BC942}") = "中缀转后缀表达式", "中缀转后缀表达式\中缀转后缀表达式.vcxproj", "{E378DA56-25C9-4C8D-9D67-0095637ED593}"
EndProject
Project("{8BC9CEB8-8B4A-11D0-8D11-00A0C91BC942}") = "根据后缀表达式求解", "根据后缀表达式求解\根据后缀表达式求解.vcxproj", "{4EADE71D-F62D-4778-9F34-F453D563B410}"
EndProject
Project("{8BC9CEB8-8B4A-11D0-8D11-00A0C91BC942}") = "二叉树的递归遍历", "树\树.vcxproj", "{E958A5BE-9BA8-4893-B9D1-026C4AD98102}"
EndProject
Project("{8BC9CEB8-8B4A-11D0-8D11-00A0C91BC942}") = "二叉树求叶子节点数目", "二叉树求叶子节点数目\二叉树求叶子节点数目.vcxproj", "{E80D0975-92A9-4271-8C9E-73A00FB772C9}"
EndProject
Project("{8BC9CEB8-8B4A-11D0-8D11-00A0C91BC942}") = "求树的高度", "求树的高度\求树的高度.vcxproj", "{7117C026-2E5C-4F9A-849B-4BC5101DA30A}"
EndProject
Project("{8BC9CEB8-8B4A-11D0-8D11-00A0C91BC942}") = "二叉树的拷贝和释放", "二叉树的拷贝和释放\二叉树的拷贝和释放.vcxproj", "{F6C8295B-BCEA-4D88-9DCE-13B7A1415806}"
EndProject
Project("{8BC9CEB8-8B4A-11D0-8D11-00A0C91BC942}") = "二叉树非递归遍历", "二叉树非递归遍历\二叉树非递归遍历.vcxproj", "{71FB8940-F499-49F7-B085-1D50AAB50DC0}"
EndProject
Project("{8BC9CEB8-8B4A-11D0-8D11-00A0C91BC942}") = "冒泡排序", "冒泡排序\冒泡排序.vcxproj", "{92B0E4C0-1830-4480-99CE-F94875AE9BD5}"
EndProject
Project("{8BC9CEB8-8B4A-11D0-8D11-00A0C91BC942}") = "选择排序", "选择排序\选择排序.vcxproj", "{58D93766-62C7-47F5-BF2B-DAFEEDF5161C}"
EndProject
Project("{8BC9CEB8-8B4A-11D0-8D11-00A0C91BC942}") = "插入排序", "插入排序\插入排序.vcxproj", "{D6EAC246-9630-4262-85AE-680FF447A545}"
EndProject
Project("{8BC9CEB8-8B4A-11D0-8D11-00A0C91BC942}") = "希尔排序", "希尔排序\希尔排序.vcxproj", "{95E52990-4DA3-4207-8BA1-A2DC53F7440C}"
EndProject
Project("{8BC9CEB8-8B4A-11D0-8D11-00A0C91BC942}") = "快速排序", "快速排序\快速排序.vcxproj", "{D92FF92B-EA48-42C0-825C-2FD9B24AB582}"
EndProject
Project("{8BC9CEB8-8B4A-11D0-8D11-00A0C91BC942}") = "归并排序", "归并排序\归并排序.vcxproj", "{FDBD9BE0-6A4E-4FAA-A680-6552931541A5}"
EndProject
Global
	GlobalSection(SolutionConfigurationPlatforms) = preSolution
		Debug|x64 = Debug|x64
		Debug|x86 = Debug|x86
		Release|x64 = Release|x64
		Release|x86 = Release|x86
	EndGlobalSection
	GlobalSection(ProjectConfigurationPlatforms) = postSolution
		{5B0964AF-AF7E-480E-9A03-F938A7D44359}.Debug|x64.ActiveCfg = Debug|x64
		{5B0964AF-AF7E-480E-9A03-F938A7D44359}.Debug|x64.Build.0 = Debug|x64
		{5B0964AF-AF7E-480E-9A03-F938A7D44359}.Debug|x86.ActiveCfg = Debug|Win32
		{5B0964AF-AF7E-480E-9A03-F938A7D44359}.Debug|x86.Build.0 = Debug|Win32
		{5B0964AF-AF7E-480E-9A03-F938A7D44359}.Release|x64.ActiveCfg = Release|x64
		{5B0964AF-AF7E-480E-9A03-F938A7D44359}.Release|x64.Build.0 = Release|x64
		{5B0964AF-AF7E-480E-9A03-F938A7D44359}.Release|x86.ActiveCfg = Release|Win32
		{5B0964AF-AF7E-480E-9A03-F938A7D44359}.Release|x86.Build.0 = Release|Win32
		{784403A0-66C9-41A7-84DF-6117FD90B6BA}.Debug|x64.ActiveCfg = Debug|x64
		{784403A0-66C9-41A7-84DF-6117FD90B6BA}.Debug|x64.Build.0 = Debug|x64
		{784403A0-66C9-41A7-84DF-6117FD90B6BA}.Debug|x86.ActiveCfg = Debug|Win32
		{784403A0-66C9-41A7-84DF-6117FD90B6BA}.Debug|x86.Build.0 = Debug|Win32
		{784403A0-66C9-41A7-84DF-6117FD90B6BA}.Release|x64.ActiveCfg = Release|x64
		{784403A0-66C9-41A7-84DF-6117FD90B6BA}.Release|x64.Build.0 = Release|x64
		{784403A0-66C9-41A7-84DF-6117FD90B6BA}.Release|x86.ActiveCfg = Release|Win32
		{784403A0-66C9-41A7-84DF-6117FD90B6BA}.Release|x86.Build.0 = Release|Win32
		{512F1DE0-E4C1-4650-8C17-59D147F55B7B}.Debug|x64.ActiveCfg = Debug|x64
		{512F1DE0-E4C1-4650-8C17-59D147F55B7B}.Debug|x64.Build.0 = Debug|x64
		{512F1DE0-E4C1-4650-8C17-59D147F55B7B}.Debug|x86.ActiveCfg = Debug|Win32
		{512F1DE0-E4C1-4650-8C17-59D147F55B7B}.Debug|x86.Build.0 = Debug|Win32
		{512F1DE0-E4C1-4650-8C17-59D147F55B7B}.Release|x64.ActiveCfg = Release|x64
		{512F1DE0-E4C1-4650-8C17-59D147F55B7B}.Release|x64.Build.0 = Release|x64
		{512F1DE0-E4C1-4650-8C17-59D147F55B7B}.Release|x86.ActiveCfg = Release|Win32
		{512F1DE0-E4C1-4650-8C17-59D147F55B7B}.Release|x86.Build.0 = Release|Win32
		{3ADB79B2-80E1-4DA5-8D63-C0A603A29041}.Debug|x64.ActiveCfg = Debug|x64
		{3ADB79B2-80E1-4DA5-8D63-C0A603A29041}.Debug|x64.Build.0 = Debug|x64
		{3ADB79B2-80E1-4DA5-8D63-C0A603A29041}.Debug|x86.ActiveCfg = Debug|Win32
		{3ADB79B2-80E1-4DA5-8D63-C0A603A29041}.Debug|x86.Build.0 = Debug|Win32
		{3ADB79B2-80E1-4DA5-8D63-C0A603A29041}.Release|x64.ActiveCfg = Release|x64
		{3ADB79B2-80E1-4DA5-8D63-C0A603A29041}.Release|x64.Build.0 = Release|x64
		{3ADB79B2-80E1-4DA5-8D63-C0A603A29041}.Release|x86.ActiveCfg = Release|Win32
		{3ADB79B2-80E1-4DA5-8D63-C0A603A29041}.Release|x86.Build.0 = Release|Win32
		{FEEFB1EF-6E43-4B9C-8913-89C382C18D8A}.Debug|x64.ActiveCfg = Debug|x64
		{FEEFB1EF-6E43-4B9C-8913-89C382C18D8A}.Debug|x64.Build.0 = Debug|x64
		{FEEFB1EF-6E43-4B9C-8913-89C382C18D8A}.Debug|x86.ActiveCfg = Debug|Win32
		{FEEFB1EF-6E43-4B9C-8913-89C382C18D8A}.Debug|x86.Build.0 = Debug|Win32
		{FEEFB1EF-6E43-4B9C-8913-89C382C18D8A}.Release|x64.ActiveCfg = Release|x64
		{FEEFB1EF-6E43-4B9C-8913-89C382C18D8A}.Release|x64.Build.0 = Release|x64
		{FEEFB1EF-6E43-4B9C-8913-89C382C18D8A}.Release|x86.ActiveCfg = Release|Win32
		{FEEFB1EF-6E43-4B9C-8913-89C382C18D8A}.Release|x86.Build.0 = Release|Win32
		{AE136669-1765-47EC-88E5-2E48F2E557AB}.Debug|x64.ActiveCfg = Debug|x64
		{AE136669-1765-47EC-88E5-2E48F2E557AB}.Debug|x64.Build.0 = Debug|x64
		{AE136669-1765-47EC-88E5-2E48F2E557AB}.Debug|x86.ActiveCfg = Debug|Win32
		{AE136669-1765-47EC-88E5-2E48F2E557AB}.Debug|x86.Build.0 = Debug|Win32
		{AE136669-1765-47EC-88E5-2E48F2E557AB}.Release|x64.ActiveCfg = Release|x64
		{AE136669-1765-47EC-88E5-2E48F2E557AB}.Release|x64.Build.0 = Release|x64
		{AE136669-1765-47EC-88E5-2E48F2E557AB}.Release|x86.ActiveCfg = Release|Win32
		{AE136669-1765-47EC-88E5-2E48F2E557AB}.Release|x86.Build.0 = Release|Win32
		{288FEF21-7D36-4DA1-B32F-B0C972B50C1C}.Debug|x64.ActiveCfg = Debug|x64
		{288FEF21-7D36-4DA1-B32F-B0C972B50C1C}.Debug|x64.Build.0 = Debug|x64
		{288FEF21-7D36-4DA1-B32F-B0C972B50C1C}.Debug|x86.ActiveCfg = Debug|Win32
		{288FEF21-7D36-4DA1-B32F-B0C972B50C1C}.Debug|x86.Build.0 = Debug|Win32
		{288FEF21-7D36-4DA1-B32F-B0C972B50C1C}.Release|x64.ActiveCfg = Release|x64
		{288FEF21-7D36-4DA1-B32F-B0C972B50C1C}.Release|x64.Build.0 = Release|x64
		{288FEF21-7D36-4DA1-B32F-B0C972B50C1C}.Release|x86.ActiveCfg = Release|Win32
		{288FEF21-7D36-4DA1-B32F-B0C972B50C1C}.Release|x86.Build.0 = Release|Win32
		{E410FACC-4367-4072-934C-3B92BB1BCAB2}.Debug|x64.ActiveCfg = Debug|x64
		{E410FACC-4367-4072-934C-3B92BB1BCAB2}.Debug|x64.Build.0 = Debug|x64
		{E410FACC-4367-4072-934C-3B92BB1BCAB2}.Debug|x86.ActiveCfg = Debug|Win32
		{E410FACC-4367-4072-934C-3B92BB1BCAB2}.Debug|x86.Build.0 = Debug|Win32
		{E410FACC-4367-4072-934C-3B92BB1BCAB2}.Release|x64.ActiveCfg = Release|x64
		{E410FACC-4367-4072-934C-3B92BB1BCAB2}.Release|x64.Build.0 = Release|x64
		{E410FACC-4367-4072-934C-3B92BB1BCAB2}.Release|x86.ActiveCfg = Release|Win32
		{E410FACC-4367-4072-934C-3B92BB1BCAB2}.Release|x86.Build.0 = Release|Win32
		{81984800-8393-40BB-9116-21B6E1F8B32D}.Debug|x64.ActiveCfg = Debug|x64
		{81984800-8393-40BB-9116-21B6E1F8B32D}.Debug|x64.Build.0 = Debug|x64
		{81984800-8393-40BB-9116-21B6E1F8B32D}.Debug|x86.ActiveCfg = Debug|Win32
		{81984800-8393-40BB-9116-21B6E1F8B32D}.Debug|x86.Build.0 = Debug|Win32
		{81984800-8393-40BB-9116-21B6E1F8B32D}.Release|x64.ActiveCfg = Release|x64
		{81984800-8393-40BB-9116-21B6E1F8B32D}.Release|x64.Build.0 = Release|x64
		{81984800-8393-40BB-9116-21B6E1F8B32D}.Release|x86.ActiveCfg = Release|Win32
		{81984800-8393-40BB-9116-21B6E1F8B32D}.Release|x86.Build.0 = Release|Win32
		{3AA7E8EF-F815-441C-BC80-F4B94DC7AFC0}.Debug|x64.ActiveCfg = Debug|x64
		{3AA7E8EF-F815-441C-BC80-F4B94DC7AFC0}.Debug|x64.Build.0 = Debug|x64
		{3AA7E8EF-F815-441C-BC80-F4B94DC7AFC0}.Debug|x86.ActiveCfg = Debug|Win32
		{3AA7E8EF-F815-441C-BC80-F4B94DC7AFC0}.Debug|x86.Build.0 = Debug|Win32
		{3AA7E8EF-F815-441C-BC80-F4B94DC7AFC0}.Release|x64.ActiveCfg = Release|x64
		{3AA7E8EF-F815-441C-BC80-F4B94DC7AFC0}.Release|x64.Build.0 = Release|x64
		{3AA7E8EF-F815-441C-BC80-F4B94DC7AFC0}.Release|x86.ActiveCfg = Release|Win32
		{3AA7E8EF-F815-441C-BC80-F4B94DC7AFC0}.Release|x86.Build.0 = Release|Win32
		{BC2123B9-2D4E-4543-956A-46BBD8E6CB02}.Debug|x64.ActiveCfg = Debug|x64
		{BC2123B9-2D4E-4543-956A-46BBD8E6CB02}.Debug|x64.Build.0 = Debug|x64
		{BC2123B9-2D4E-4543-956A-46BBD8E6CB02}.Debug|x86.ActiveCfg = Debug|Win32
		{BC2123B9-2D4E-4543-956A-46BBD8E6CB02}.Debug|x86.Build.0 = Debug|Win32
		{BC2123B9-2D4E-4543-956A-46BBD8E6CB02}.Release|x64.ActiveCfg = Release|x64
		{BC2123B9-2D4E-4543-956A-46BBD8E6CB02}.Release|x64.Build.0 = Release|x64
		{BC2123B9-2D4E-4543-956A-46BBD8E6CB02}.Release|x86.ActiveCfg = Release|Win32
		{BC2123B9-2D4E-4543-956A-46BBD8E6CB02}.Release|x86.Build.0 = Release|Win32
		{E378DA56-25C9-4C8D-9D67-0095637ED593}.Debug|x64.ActiveCfg = Debug|x64
		{E378DA56-25C9-4C8D-9D67-0095637ED593}.Debug|x64.Build.0 = Debug|x64
		{E378DA56-25C9-4C8D-9D67-0095637ED593}.Debug|x86.ActiveCfg = Debug|Win32
		{E378DA56-25C9-4C8D-9D67-0095637ED593}.Debug|x86.Build.0 = Debug|Win32
		{E378DA56-25C9-4C8D-9D67-0095637ED593}.Release|x64.ActiveCfg = Release|x64
		{E378DA56-25C9-4C8D-9D67-0095637ED593}.Release|x64.Build.0 = Release|x64
		{E378DA56-25C9-4C8D-9D67-0095637ED593}.Release|x86.ActiveCfg = Release|Win32
		{E378DA56-25C9-4C8D-9D67-0095637ED593}.Release|x86.Build.0 = Release|Win32
		{4EADE71D-F62D-4778-9F34-F453D563B410}.Debug|x64.ActiveCfg = Debug|x64
		{4EADE71D-F62D-4778-9F34-F453D563B410}.Debug|x64.Build.0 = Debug|x64
		{4EADE71D-F62D-4778-9F34-F453D563B410}.Debug|x86.ActiveCfg = Debug|Win32
		{4EADE71D-F62D-4778-9F34-F453D563B410}.Debug|x86.Build.0 = Debug|Win32
		{4EADE71D-F62D-4778-9F34-F453D563B410}.Release|x64.ActiveCfg = Release|x64
		{4EADE71D-F62D-4778-9F34-F453D563B410}.Release|x64.Build.0 = Release|x64
		{4EADE71D-F62D-4778-9F34-F453D563B410}.Release|x86.ActiveCfg = Release|Win32
		{4EADE71D-F62D-4778-9F34-F453D563B410}.Release|x86.Build.0 = Release|Win32
		{E958A5BE-9BA8-4893-B9D1-026C4AD98102}.Debug|x64.ActiveCfg = Debug|x64
		{E958A5BE-9BA8-4893-B9D1-026C4AD98102}.Debug|x64.Build.0 = Debug|x64
		{E958A5BE-9BA8-4893-B9D1-026C4AD98102}.Debug|x86.ActiveCfg = Debug|Win32
		{E958A5BE-9BA8-4893-B9D1-026C4AD98102}.Debug|x86.Build.0 = Debug|Win32
		{E958A5BE-9BA8-4893-B9D1-026C4AD98102}.Release|x64.ActiveCfg = Release|x64
		{E958A5BE-9BA8-4893-B9D1-026C4AD98102}.Release|x64.Build.0 = Release|x64
		{E958A5BE-9BA8-4893-B9D1-026C4AD98102}.Release|x86.ActiveCfg = Release|Win32
		{E958A5BE-9BA8-4893-B9D1-026C4AD98102}.Release|x86.Build.0 = Release|Win32
		{E80D0975-92A9-4271-8C9E-73A00FB772C9}.Debug|x64.ActiveCfg = Debug|x64
		{E80D0975-92A9-4271-8C9E-73A00FB772C9}.Debug|x64.Build.0 = Debug|x64
		{E80D0975-92A9-4271-8C9E-73A00FB772C9}.Debug|x86.ActiveCfg = Debug|Win32
		{E80D0975-92A9-4271-8C9E-73A00FB772C9}.Debug|x86.Build.0 = Debug|Win32
		{E80D0975-92A9-4271-8C9E-73A00FB772C9}.Release|x64.ActiveCfg = Release|x64
		{E80D0975-92A9-4271-8C9E-73A00FB772C9}.Release|x64.Build.0 = Release|x64
		{E80D0975-92A9-4271-8C9E-73A00FB772C9}.Release|x86.ActiveCfg = Release|Win32
		{E80D0975-92A9-4271-8C9E-73A00FB772C9}.Release|x86.Build.0 = Release|Win32
		{7117C026-2E5C-4F9A-849B-4BC5101DA30A}.Debug|x64.ActiveCfg = Debug|x64
		{7117C026-2E5C-4F9A-849B-4BC5101DA30A}.Debug|x64.Build.0 = Debug|x64
		{7117C026-2E5C-4F9A-849B-4BC5101DA30A}.Debug|x86.ActiveCfg = Debug|Win32
		{7117C026-2E5C-4F9A-849B-4BC5101DA30A}.Debug|x86.Build.0 = Debug|Win32
		{7117C026-2E5C-4F9A-849B-4BC5101DA30A}.Release|x64.ActiveCfg = Release|x64
		{7117C026-2E5C-4F9A-849B-4BC5101DA30A}.Release|x64.Build.0 = Release|x64
		{7117C026-2E5C-4F9A-849B-4BC5101DA30A}.Release|x86.ActiveCfg = Release|Win32
		{7117C026-2E5C-4F9A-849B-4BC5101DA30A}.Release|x86.Build.0 = Release|Win32
		{F6C8295B-BCEA-4D88-9DCE-13B7A1415806}.Debug|x64.ActiveCfg = Debug|x64
		{F6C8295B-BCEA-4D88-9DCE-13B7A1415806}.Debug|x64.Build.0 = Debug|x64
		{F6C8295B-BCEA-4D88-9DCE-13B7A1415806}.Debug|x86.ActiveCfg = Debug|Win32
		{F6C8295B-BCEA-4D88-9DCE-13B7A1415806}.Debug|x86.Build.0 = Debug|Win32
		{F6C8295B-BCEA-4D88-9DCE-13B7A1415806}.Release|x64.ActiveCfg = Release|x64
		{F6C8295B-BCEA-4D88-9DCE-13B7A1415806}.Release|x64.Build.0 = Release|x64
		{F6C8295B-BCEA-4D88-9DCE-13B7A1415806}.Release|x86.ActiveCfg = Release|Win32
		{F6C8295B-BCEA-4D88-9DCE-13B7A1415806}.Release|x86.Build.0 = Release|Win32
		{71FB8940-F499-49F7-B085-1D50AAB50DC0}.Debug|x64.ActiveCfg = Debug|x64
		{71FB8940-F499-49F7-B085-1D50AAB50DC0}.Debug|x64.Build.0 = Debug|x64
		{71FB8940-F499-49F7-B085-1D50AAB50DC0}.Debug|x86.ActiveCfg = Debug|Win32
		{71FB8940-F499-49F7-B085-1D50AAB50DC0}.Debug|x86.Build.0 = Debug|Win32
		{71FB8940-F499-49F7-B085-1D50AAB50DC0}.Release|x64.ActiveCfg = Release|x64
		{71FB8940-F499-49F7-B085-1D50AAB50DC0}.Release|x64.Build.0 = Release|x64
		{71FB8940-F499-49F7-B085-1D50AAB50DC0}.Release|x86.ActiveCfg = Release|Win32
		{71FB8940-F499-49F7-B085-1D50AAB50DC0}.Release|x86.Build.0 = Release|Win32
		{92B0E4C0-1830-4480-99CE-F94875AE9BD5}.Debug|x64.ActiveCfg = Debug|x64
		{92B0E4C0-1830-4480-99CE-F94875AE9BD5}.Debug|x64.Build.0 = Debug|x64
		{92B0E4C0-1830-4480-99CE-F94875AE9BD5}.Debug|x86.ActiveCfg = Debug|Win32
		{92B0E4C0-1830-4480-99CE-F94875AE9BD5}.Debug|x86.Build.0 = Debug|Win32
		{92B0E4C0-1830-4480-99CE-F94875AE9BD5}.Release|x64.ActiveCfg = Release|x64
		{92B0E4C0-1830-4480-99CE-F94875AE9BD5}.Release|x64.Build.0 = Release|x64
		{92B0E4C0-1830-4480-99CE-F94875AE9BD5}.Release|x86.ActiveCfg = Release|Win32
		{92B0E4C0-1830-4480-99CE-F94875AE9BD5}.Release|x86.Build.0 = Release|Win32
		{58D93766-62C7-47F5-BF2B-DAFEEDF5161C}.Debug|x64.ActiveCfg = Debug|x64
		{58D93766-62C7-47F5-BF2B-DAFEEDF5161C}.Debug|x64.Build.0 = Debug|x64
		{58D93766-62C7-47F5-BF2B-DAFEEDF5161C}.Debug|x86.ActiveCfg = Debug|Win32
		{58D93766-62C7-47F5-BF2B-DAFEEDF5161C}.Debug|x86.Build.0 = Debug|Win32
		{58D93766-62C7-47F5-BF2B-DAFEEDF5161C}.Release|x64.ActiveCfg = Release|x64
		{58D93766-62C7-47F5-BF2B-DAFEEDF5161C}.Release|x64.Build.0 = Release|x64
		{58D93766-62C7-47F5-BF2B-DAFEEDF5161C}.Release|x86.ActiveCfg = Release|Win32
		{58D93766-62C7-47F5-BF2B-DAFEEDF5161C}.Release|x86.Build.0 = Release|Win32
		{D6EAC246-9630-4262-85AE-680FF447A545}.Debug|x64.ActiveCfg = Debug|x64
		{D6EAC246-9630-4262-85AE-680FF447A545}.Debug|x64.Build.0 = Debug|x64
		{D6EAC246-9630-4262-85AE-680FF447A545}.Debug|x86.ActiveCfg = Debug|Win32
		{D6EAC246-9630-4262-85AE-680FF447A545}.Debug|x86.Build.0 = Debug|Win32
		{D6EAC246-9630-4262-85AE-680FF447A545}.Release|x64.ActiveCfg = Release|x64
		{D6EAC246-9630-4262-85AE-680FF447A545}.Release|x64.Build.0 = Release|x64
		{D6EAC246-9630-4262-85AE-680FF447A545}.Release|x86.ActiveCfg = Release|Win32
		{D6EAC246-9630-4262-85AE-680FF447A545}.Release|x86.Build.0 = Release|Win32
		{95E52990-4DA3-4207-8BA1-A2DC53F7440C}.Debug|x64.ActiveCfg = Debug|x64
		{95E52990-4DA3-4207-8BA1-A2DC53F7440C}.Debug|x64.Build.0 = Debug|x64
		{95E52990-4DA3-4207-8BA1-A2DC53F7440C}.Debug|x86.ActiveCfg = Debug|Win32
		{95E52990-4DA3-4207-8BA1-A2DC53F7440C}.Debug|x86.Build.0 = Debug|Win32
		{95E52990-4DA3-4207-8BA1-A2DC53F7440C}.Release|x64.ActiveCfg = Release|x64
		{95E52990-4DA3-4207-8BA1-A2DC53F7440C}.Release|x64.Build.0 = Release|x64
		{95E52990-4DA3-4207-8BA1-A2DC53F7440C}.Release|x86.ActiveCfg = Release|Win32
		{95E52990-4DA3-4207-8BA1-A2DC53F7440C}.Release|x86.Build.0 = Release|Win32
		{D92FF92B-EA48-42C0-825C-2FD9B24AB582}.Debug|x64.ActiveCfg = Debug|x64
		{D92FF92B-EA48-42C0-825C-2FD9B24AB582}.Debug|x64.Build.0 = Debug|x64
		{D92FF92B-EA48-42C0-825C-2FD9B24AB582}.Debug|x86.ActiveCfg = Debug|Win32
		{D92FF92B-EA48-42C0-825C-2FD9B24AB582}.Debug|x86.Build.0 = Debug|Win32
		{D92FF92B-EA48-42C0-825C-2FD9B24AB582}.Release|x64.ActiveCfg = Release|x64
		{D92FF92B-EA48-42C0-825C-2FD9B24AB582}.Release|x64.Build.0 = Release|x64
		{D92FF92B-EA48-42C0-825C-2FD9B24AB582}.Release|x86.ActiveCfg = Release|Win32
		{D92FF92B-EA48-42C0-825C-2FD9B24AB582}.Release|x86.Build.0 = Release|Win32
		{FDBD9BE0-6A4E-4FAA-A680-6552931541A5}.Debug|x64.ActiveCfg = Debug|x64
		{FDBD9BE0-6A4E-4FAA-A680-6552931541A5}.Debug|x64.Build.0 = Debug|x64
		{FDBD9BE0-6A4E-4FAA-A680-6552931541A5}.Debug|x86.ActiveCfg = Debug|Win32
		{FDBD9BE0-6A4E-4FAA-A680-6552931541A5}.Debug|x86.Build.0 = Debug|Win32
		{FDBD9BE0-6A4E-4FAA-A680-6552931541A5}.Release|x64.ActiveCfg = Release|x64
		{FDBD9BE0-6A4E-4FAA-A680-6552931541A5}.Release|x64.Build.0 = Release|x64
		{FDBD9BE0-6A4E-4FAA-A680-6552931541A5}.Release|x86.ActiveCfg = Release|Win32
		{FDBD9BE0-6A4E-4FAA-A680-6552931541A5}.Release|x86.Build.0 = Release|Win32
	EndGlobalSection
	GlobalSection(SolutionProperties) = preSolution
		HideSolutionNode = FALSE
	EndGlobalSection
	GlobalSection(ExtensibilityGlobals) = postSolution
		SolutionGuid = {2CB7AF2C-4D94-479E-87FC-A8A25FD8FB39}
	EndGlobalSection
EndGlobal
